
Microsoft Visual Studio Solution File, Format Version 12.00
# Visual Studio Version 16
VisualStudioVersion = 16.0.32126.315
MinimumVisualStudioVersion = 10.0.40219.1
Project("{888888A0-9F3D-457C-B088-3A5042F75D52}") = "PiGTARadio", "GTARadioPi\PiGTARadio.pyproj", "{3177B07F-84A4-4954-862C-765A38EB5B68}"
EndProject
Global
	GlobalSection(SolutionConfigurationPlatforms) = preSolution
		Debug|Any CPU = Debug|Any CPU
		Release|Any CPU = Release|Any CPU
	EndGlobalSection
	GlobalSection(ProjectConfigurationPlatforms) = postSolution
		{3177B07F-84A4-4954-862C-765A38EB5B68}.Debug|Any CPU.ActiveCfg = Debug|Any CPU
		{3177B07F-84A4-4954-862C-765A38EB5B68}.Release|Any CPU.ActiveCfg = Release|Any CPU
	EndGlobalSection
	GlobalSection(SolutionProperties) = preSolution
		HideSolutionNode = FALSE
	EndGlobalSection
	GlobalSection(ExtensibilityGlobals) = postSolution
		SolutionGuid = {7E887824-404B-4596-A84D-96B392035AEC}
	EndGlobalSection
EndGlobal
